
Microsoft Visual Studio Solution File, Format Version 12.00
# Visual Studio Version 17
VisualStudioVersion = 17.5.33627.172
MinimumVisualStudioVersion = 10.0.40219.1
Project("{2150E333-8FDC-42A3-9474-1A3956D46DE8}") = "Amdaris.SolidPrinciples.01_SRP", "Amdaris.SolidPrinciples.01_SRP", "{ABDC8A08-DBC4-4D50-8F37-9FE582CA5B1B}"
EndProject
Project("{2150E333-8FDC-42A3-9474-1A3956D46DE8}") = "Amdaris.SolidPrinciples.02_OCP", "Amdaris.SolidPrinciples.02_OCP", "{42A3B582-6E70-4BB5-B877-7FC8332F228B}"
EndProject
Project("{2150E333-8FDC-42A3-9474-1A3956D46DE8}") = "Amdaris.SolidPrinciples.03_LSP", "Amdaris.SolidPrinciples.03_LSP", "{B452422C-6B8A-4307-AB45-270E0CEEADB7}"
EndProject
Project("{2150E333-8FDC-42A3-9474-1A3956D46DE8}") = "Amdaris.SolidPrinciples.04_ISP", "Amdaris.SolidPrinciples.04_ISP", "{52A87BA1-D804-4C20-AAD8-7E610C2B44DB}"
EndProject
Project("{2150E333-8FDC-42A3-9474-1A3956D46DE8}") = "Amdaris.SolidPrinciples.05_DIP", "Amdaris.SolidPrinciples.05_DIP", "{54C95D6A-1C24-4286-8362-EFA9264F03CE}"
EndProject
Project("{2150E333-8FDC-42A3-9474-1A3956D46DE8}") = "before", "before", "{3F2F2B4F-9EC4-4A19-BBE7-967AD7B3F32E}"
EndProject
Project("{2150E333-8FDC-42A3-9474-1A3956D46DE8}") = "after", "after", "{6C44AC44-74E9-4CA4-A2E2-68CF779AF796}"
EndProject
Project("{2150E333-8FDC-42A3-9474-1A3956D46DE8}") = "01_before", "01_before", "{5983D5CD-A4F0-47CD-B7FC-582D121EC428}"
EndProject
Project("{2150E333-8FDC-42A3-9474-1A3956D46DE8}") = "02_after", "02_after", "{85915B1D-0631-4CE3-A450-D16EB3434845}"
EndProject
Project("{2150E333-8FDC-42A3-9474-1A3956D46DE8}") = "before", "before", "{D627AB49-73E0-4CE3-B57B-93D108ABEAAF}"
EndProject
Project("{2150E333-8FDC-42A3-9474-1A3956D46DE8}") = "after", "after", "{70CD8A6C-40A5-4100-AE43-2C68F9D72FFC}"
EndProject
Project("{2150E333-8FDC-42A3-9474-1A3956D46DE8}") = "before", "before", "{0A278772-1559-4759-B21F-A51760619A4B}"
EndProject
Project("{2150E333-8FDC-42A3-9474-1A3956D46DE8}") = "after", "after", "{1922DF90-F8EF-4F3C-9848-DD813016BCB3}"
EndProject
Project("{2150E333-8FDC-42A3-9474-1A3956D46DE8}") = "before", "before", "{4979EFF6-ED10-4543-B2AF-B186867638BD}"
EndProject
Project("{2150E333-8FDC-42A3-9474-1A3956D46DE8}") = "after", "after", "{BA42020A-E64C-464B-A0ED-8D44D2477CBE}"
EndProject
Project("{FAE04EC0-301F-11D3-BF4B-00C04F79EFBC}") = "Amdaris.SolidPrinciples.LSP.After", "Amdaris.SolidPrinciples.LSP.After\Amdaris.SolidPrinciples.LSP.After.csproj", "{240CFAA6-201C-4C17-BC36-DC5CE898A301}"
EndProject
Project("{FAE04EC0-301F-11D3-BF4B-00C04F79EFBC}") = "Amdaris.SolidPrinciples.LSP.Before", "Amdaris.SolidPrinciples.LCP.Before\Amdaris.SolidPrinciples.LSP.Before.csproj", "{19598C4B-3915-4AF4-964C-EE22A2D7F0C6}"
EndProject
Project("{FAE04EC0-301F-11D3-BF4B-00C04F79EFBC}") = "Amdaris.SolidPrinciples.ISP.After", "Amdaris.SolidPrinciples.ISP.After\Amdaris.SolidPrinciples.ISP.After.csproj", "{53CA8FC5-92BD-49B6-B31A-763BD7858F1B}"
EndProject
Project("{FAE04EC0-301F-11D3-BF4B-00C04F79EFBC}") = "Amdaris.SolidPrinciples.ISP.Before", "Amdaris.SolidPrinciples.ISP.Before\Amdaris.SolidPrinciples.ISP.Before.csproj", "{CBDF7BA3-A63F-4D99-BD11-F4897603D59B}"
EndProject
Project("{FAE04EC0-301F-11D3-BF4B-00C04F79EFBC}") = "Amdaris.SolidPrinciples.DIP.After", "Amdaris.SolidPrinciples.DIP.After\Amdaris.SolidPrinciples.DIP.After.csproj", "{2405A982-7D0A-4142-A9A0-BD93033C77CB}"
EndProject
Project("{FAE04EC0-301F-11D3-BF4B-00C04F79EFBC}") = "Amdaris.SolidPrinciples.DIP.Before", "Amdaris.SolidPrinciples.DIP.Before\Amdaris.SolidPrinciples.DIP.Before.csproj", "{9F6AC545-3052-4B9C-A281-9CC72479BAE8}"
EndProject
Project("{9A19103F-16F7-4668-BE54-9A1E7A4F7556}") = "Amdaris.SolidPrinciples.SRP.After", "Amdaris.SolidPrinciples.01_SRP\after\Amdaris.SolidPrinciples.SRP.After.csproj", "{E1A6E3AA-5ED2-4338-BCF7-4188A02CE1B7}"
EndProject
Project("{9A19103F-16F7-4668-BE54-9A1E7A4F7556}") = "Amdaris.SolidPrinciples.SRP.Before", "Amdaris.SolidPrinciples.01_SRP\before\Amdaris.SolidPrinciples.SRP.Before.csproj", "{385437A6-4BD1-4F8A-81F3-5FB5D746D02A}"
EndProject
Project("{9A19103F-16F7-4668-BE54-9A1E7A4F7556}") = "Amdaris.SolidPrinciples.OCP.Before", "Amdaris.SolidPrinciples.02_OCP\01_before\Amdaris.SolidPrinciples.OCP.Before.csproj", "{51A91AE0-2563-4CEA-92C9-C1C0E7B7535E}"
EndProject
Project("{9A19103F-16F7-4668-BE54-9A1E7A4F7556}") = "Amdaris.SolidPrinciples.OCP.After", "Amdaris.SolidPrinciples.02_OCP\02_after\Amdaris.SolidPrinciples.OCP.After.csproj", "{F88609DB-08DD-401F-92EB-DAA9DBC8FD61}"
EndProject
Global
	GlobalSection(SolutionConfigurationPlatforms) = preSolution
		Debug|Any CPU = Debug|Any CPU
		Release|Any CPU = Release|Any CPU
	EndGlobalSection
	GlobalSection(ProjectConfigurationPlatforms) = postSolution
		{240CFAA6-201C-4C17-BC36-DC5CE898A301}.Debug|Any CPU.ActiveCfg = Debug|Any CPU
		{240CFAA6-201C-4C17-BC36-DC5CE898A301}.Debug|Any CPU.Build.0 = Debug|Any CPU
		{240CFAA6-201C-4C17-BC36-DC5CE898A301}.Release|Any CPU.ActiveCfg = Release|Any CPU
		{240CFAA6-201C-4C17-BC36-DC5CE898A301}.Release|Any CPU.Build.0 = Release|Any CPU
		{19598C4B-3915-4AF4-964C-EE22A2D7F0C6}.Debug|Any CPU.ActiveCfg = Debug|Any CPU
		{19598C4B-3915-4AF4-964C-EE22A2D7F0C6}.Debug|Any CPU.Build.0 = Debug|Any CPU
		{19598C4B-3915-4AF4-964C-EE22A2D7F0C6}.Release|Any CPU.ActiveCfg = Release|Any CPU
		{19598C4B-3915-4AF4-964C-EE22A2D7F0C6}.Release|Any CPU.Build.0 = Release|Any CPU
		{53CA8FC5-92BD-49B6-B31A-763BD7858F1B}.Debug|Any CPU.ActiveCfg = Debug|Any CPU
		{53CA8FC5-92BD-49B6-B31A-763BD7858F1B}.Debug|Any CPU.Build.0 = Debug|Any CPU
		{53CA8FC5-92BD-49B6-B31A-763BD7858F1B}.Release|Any CPU.ActiveCfg = Release|Any CPU
		{53CA8FC5-92BD-49B6-B31A-763BD7858F1B}.Release|Any CPU.Build.0 = Release|Any CPU
		{CBDF7BA3-A63F-4D99-BD11-F4897603D59B}.Debug|Any CPU.ActiveCfg = Debug|Any CPU
		{CBDF7BA3-A63F-4D99-BD11-F4897603D59B}.Debug|Any CPU.Build.0 = Debug|Any CPU
		{CBDF7BA3-A63F-4D99-BD11-F4897603D59B}.Release|Any CPU.ActiveCfg = Release|Any CPU
		{CBDF7BA3-A63F-4D99-BD11-F4897603D59B}.Release|Any CPU.Build.0 = Release|Any CPU
		{2405A982-7D0A-4142-A9A0-BD93033C77CB}.Debug|Any CPU.ActiveCfg = Debug|Any CPU
		{2405A982-7D0A-4142-A9A0-BD93033C77CB}.Debug|Any CPU.Build.0 = Debug|Any CPU
		{2405A982-7D0A-4142-A9A0-BD93033C77CB}.Release|Any CPU.ActiveCfg = Release|Any CPU
		{2405A982-7D0A-4142-A9A0-BD93033C77CB}.Release|Any CPU.Build.0 = Release|Any CPU
		{9F6AC545-3052-4B9C-A281-9CC72479BAE8}.Debug|Any CPU.ActiveCfg = Debug|Any CPU
		{9F6AC545-3052-4B9C-A281-9CC72479BAE8}.Debug|Any CPU.Build.0 = Debug|Any CPU
		{9F6AC545-3052-4B9C-A281-9CC72479BAE8}.Release|Any CPU.ActiveCfg = Release|Any CPU
		{9F6AC545-3052-4B9C-A281-9CC72479BAE8}.Release|Any CPU.Build.0 = Release|Any CPU
		{E1A6E3AA-5ED2-4338-BCF7-4188A02CE1B7}.Debug|Any CPU.ActiveCfg = Debug|Any CPU
		{E1A6E3AA-5ED2-4338-BCF7-4188A02CE1B7}.Debug|Any CPU.Build.0 = Debug|Any CPU
		{E1A6E3AA-5ED2-4338-BCF7-4188A02CE1B7}.Release|Any CPU.ActiveCfg = Release|Any CPU
		{E1A6E3AA-5ED2-4338-BCF7-4188A02CE1B7}.Release|Any CPU.Build.0 = Release|Any CPU
		{385437A6-4BD1-4F8A-81F3-5FB5D746D02A}.Debug|Any CPU.ActiveCfg = Debug|Any CPU
		{385437A6-4BD1-4F8A-81F3-5FB5D746D02A}.Debug|Any CPU.Build.0 = Debug|Any CPU
		{385437A6-4BD1-4F8A-81F3-5FB5D746D02A}.Release|Any CPU.ActiveCfg = Release|Any CPU
		{385437A6-4BD1-4F8A-81F3-5FB5D746D02A}.Release|Any CPU.Build.0 = Release|Any CPU
		{51A91AE0-2563-4CEA-92C9-C1C0E7B7535E}.Debug|Any CPU.ActiveCfg = Debug|Any CPU
		{51A91AE0-2563-4CEA-92C9-C1C0E7B7535E}.Debug|Any CPU.Build.0 = Debug|Any CPU
		{51A91AE0-2563-4CEA-92C9-C1C0E7B7535E}.Release|Any CPU.ActiveCfg = Release|Any CPU
		{51A91AE0-2563-4CEA-92C9-C1C0E7B7535E}.Release|Any CPU.Build.0 = Release|Any CPU
		{F88609DB-08DD-401F-92EB-DAA9DBC8FD61}.Debug|Any CPU.ActiveCfg = Debug|Any CPU
		{F88609DB-08DD-401F-92EB-DAA9DBC8FD61}.Debug|Any CPU.Build.0 = Debug|Any CPU
		{F88609DB-08DD-401F-92EB-DAA9DBC8FD61}.Release|Any CPU.ActiveCfg = Release|Any CPU
		{F88609DB-08DD-401F-92EB-DAA9DBC8FD61}.Release|Any CPU.Build.0 = Release|Any CPU
	EndGlobalSection
	GlobalSection(SolutionProperties) = preSolution
		HideSolutionNode = FALSE
	EndGlobalSection
	GlobalSection(NestedProjects) = preSolution
		{3F2F2B4F-9EC4-4A19-BBE7-967AD7B3F32E} = {ABDC8A08-DBC4-4D50-8F37-9FE582CA5B1B}
		{6C44AC44-74E9-4CA4-A2E2-68CF779AF796} = {ABDC8A08-DBC4-4D50-8F37-9FE582CA5B1B}
		{5983D5CD-A4F0-47CD-B7FC-582D121EC428} = {42A3B582-6E70-4BB5-B877-7FC8332F228B}
		{85915B1D-0631-4CE3-A450-D16EB3434845} = {42A3B582-6E70-4BB5-B877-7FC8332F228B}
		{D627AB49-73E0-4CE3-B57B-93D108ABEAAF} = {B452422C-6B8A-4307-AB45-270E0CEEADB7}
		{70CD8A6C-40A5-4100-AE43-2C68F9D72FFC} = {B452422C-6B8A-4307-AB45-270E0CEEADB7}
		{0A278772-1559-4759-B21F-A51760619A4B} = {52A87BA1-D804-4C20-AAD8-7E610C2B44DB}
		{1922DF90-F8EF-4F3C-9848-DD813016BCB3} = {52A87BA1-D804-4C20-AAD8-7E610C2B44DB}
		{4979EFF6-ED10-4543-B2AF-B186867638BD} = {54C95D6A-1C24-4286-8362-EFA9264F03CE}
		{BA42020A-E64C-464B-A0ED-8D44D2477CBE} = {54C95D6A-1C24-4286-8362-EFA9264F03CE}
		{240CFAA6-201C-4C17-BC36-DC5CE898A301} = {70CD8A6C-40A5-4100-AE43-2C68F9D72FFC}
		{19598C4B-3915-4AF4-964C-EE22A2D7F0C6} = {D627AB49-73E0-4CE3-B57B-93D108ABEAAF}
		{53CA8FC5-92BD-49B6-B31A-763BD7858F1B} = {1922DF90-F8EF-4F3C-9848-DD813016BCB3}
		{CBDF7BA3-A63F-4D99-BD11-F4897603D59B} = {0A278772-1559-4759-B21F-A51760619A4B}
		{2405A982-7D0A-4142-A9A0-BD93033C77CB} = {BA42020A-E64C-464B-A0ED-8D44D2477CBE}
		{9F6AC545-3052-4B9C-A281-9CC72479BAE8} = {4979EFF6-ED10-4543-B2AF-B186867638BD}
		{E1A6E3AA-5ED2-4338-BCF7-4188A02CE1B7} = {6C44AC44-74E9-4CA4-A2E2-68CF779AF796}
		{385437A6-4BD1-4F8A-81F3-5FB5D746D02A} = {3F2F2B4F-9EC4-4A19-BBE7-967AD7B3F32E}
		{51A91AE0-2563-4CEA-92C9-C1C0E7B7535E} = {5983D5CD-A4F0-47CD-B7FC-582D121EC428}
		{F88609DB-08DD-401F-92EB-DAA9DBC8FD61} = {85915B1D-0631-4CE3-A450-D16EB3434845}
	EndGlobalSection
	GlobalSection(ExtensibilityGlobals) = postSolution
		SolutionGuid = {22E736A3-2C4E-4BF9-818C-6929ED458898}
	EndGlobalSection
EndGlobal
