
Microsoft Visual Studio Solution File, Format Version 12.00
# Visual Studio Version 17
VisualStudioVersion = 17.5.33627.172
MinimumVisualStudioVersion = 10.0.40219.1
Project("{2150E333-8FDC-42A3-9474-1A3956D46DE8}") = "Amdaris.SolidPrinciples.01_SRP", "Amdaris.SolidPrinciples.01_SRP", "{ABDC8A08-DBC4-4D50-8F37-9FE582CA5B1B}"
EndProject
Project("{2150E333-8FDC-42A3-9474-1A3956D46DE8}") = "Amdaris.SolidPrinciples.02_OCP", "Amdaris.SolidPrinciples.02_OCP", "{42A3B582-6E70-4BB5-B877-7FC8332F228B}"
EndProject
Project("{2150E333-8FDC-42A3-9474-1A3956D46DE8}") = "Amdaris.SolidPrinciples.03_LSP", "Amdaris.SolidPrinciples.03_LSP", "{B452422C-6B8A-4307-AB45-270E0CEEADB7}"
EndProject
Project("{2150E333-8FDC-42A3-9474-1A3956D46DE8}") = "Amdaris.SolidPrinciples.04_ISP", "Amdaris.SolidPrinciples.04_ISP", "{52A87BA1-D804-4C20-AAD8-7E610C2B44DB}"
EndProject
Project("{2150E333-8FDC-42A3-9474-1A3956D46DE8}") = "Amdaris.SolidPrinciples.05_DIP", "Amdaris.SolidPrinciples.05_DIP", "{54C95D6A-1C24-4286-8362-EFA9264F03CE}"
EndProject
Project("{2150E333-8FDC-42A3-9474-1A3956D46DE8}") = "01_Before", "01_Before", "{3F2F2B4F-9EC4-4A19-BBE7-967AD7B3F32E}"
EndProject
Project("{2150E333-8FDC-42A3-9474-1A3956D46DE8}") = "02_After", "02_After", "{6C44AC44-74E9-4CA4-A2E2-68CF779AF796}"
EndProject
Project("{2150E333-8FDC-42A3-9474-1A3956D46DE8}") = "01_Before", "01_Before", "{5983D5CD-A4F0-47CD-B7FC-582D121EC428}"
EndProject
Project("{2150E333-8FDC-42A3-9474-1A3956D46DE8}") = "02_After", "02_After", "{85915B1D-0631-4CE3-A450-D16EB3434845}"
EndProject
Project("{2150E333-8FDC-42A3-9474-1A3956D46DE8}") = "01_Before", "01_Before", "{D627AB49-73E0-4CE3-B57B-93D108ABEAAF}"
EndProject
Project("{2150E333-8FDC-42A3-9474-1A3956D46DE8}") = "02_After", "02_After", "{70CD8A6C-40A5-4100-AE43-2C68F9D72FFC}"
EndProject
Project("{2150E333-8FDC-42A3-9474-1A3956D46DE8}") = "01_Before", "01_Before", "{0A278772-1559-4759-B21F-A51760619A4B}"
EndProject
Project("{2150E333-8FDC-42A3-9474-1A3956D46DE8}") = "02_After", "02_After", "{1922DF90-F8EF-4F3C-9848-DD813016BCB3}"
EndProject
Project("{2150E333-8FDC-42A3-9474-1A3956D46DE8}") = "01_Before", "01_Before", "{4979EFF6-ED10-4543-B2AF-B186867638BD}"
EndProject
Project("{2150E333-8FDC-42A3-9474-1A3956D46DE8}") = "02_After", "02_After", "{BA42020A-E64C-464B-A0ED-8D44D2477CBE}"
EndProject
Project("{9A19103F-16F7-4668-BE54-9A1E7A4F7556}") = "Amdaris.SolidPrinciples.OCP.Before", "Amdaris.SolidPrinciples.02_OCP\01_before\Amdaris.SolidPrinciples.OCP.Before.csproj", "{51A91AE0-2563-4CEA-92C9-C1C0E7B7535E}"
EndProject
Project("{9A19103F-16F7-4668-BE54-9A1E7A4F7556}") = "Amdaris.SolidPrinciples.OCP.After", "Amdaris.SolidPrinciples.02_OCP\02_after\Amdaris.SolidPrinciples.OCP.After.csproj", "{F88609DB-08DD-401F-92EB-DAA9DBC8FD61}"
EndProject
Project("{9A19103F-16F7-4668-BE54-9A1E7A4F7556}") = "Amdaris.SolidPrinciples.SRP.After", "Amdaris.SolidPrinciples.01_SRP\02_After\Amdaris.SolidPrinciples.SRP.After.csproj", "{73B6238D-B087-4027-9947-E1823441B9FC}"
EndProject
Project("{9A19103F-16F7-4668-BE54-9A1E7A4F7556}") = "Amdaris.SolidPrinciples.SRP.Before", "Amdaris.SolidPrinciples.01_SRP\01_Before\Amdaris.SolidPrinciples.SRP.Before.csproj", "{FC48FE3D-B34F-4D43-A30C-DF61C24A024B}"
EndProject
Project("{9A19103F-16F7-4668-BE54-9A1E7A4F7556}") = "Amdaris.SolidPrinciples.LSP.Before", "Amdaris.SolidPrinciples.03_LSP\01_Before\Amdaris.SolidPrinciples.LSP.Before.csproj", "{6000CCEF-64B9-43ED-AC56-D8248CAA3D01}"
EndProject
Project("{9A19103F-16F7-4668-BE54-9A1E7A4F7556}") = "Amdaris.SolidPrinciples.LSP.After", "Amdaris.SolidPrinciples.03_LSP\02_After\Amdaris.SolidPrinciples.LSP.After.csproj", "{899C98C4-4100-4D21-A67D-2BBB8281050F}"
EndProject
Project("{9A19103F-16F7-4668-BE54-9A1E7A4F7556}") = "Amdaris.SolidPrinciples.ISP.Before", "Amdaris.SolidPrinciples.04_ISP\01_Before\Amdaris.SolidPrinciples.ISP.Before.csproj", "{98B73647-9736-45ED-A658-5026ABC2F3FF}"
EndProject
Project("{9A19103F-16F7-4668-BE54-9A1E7A4F7556}") = "Amdaris.SolidPrinciples.ISP.After", "Amdaris.SolidPrinciples.04_ISP\02_After\Amdaris.SolidPrinciples.ISP.After.csproj", "{73103A41-84D7-4DEE-867F-7DFCDDCD64D4}"
EndProject
Project("{9A19103F-16F7-4668-BE54-9A1E7A4F7556}") = "Amdaris.SolidPrinciples.DIP.Before", "Amdaris.SolidPrinciples.05_DIP\01_Before\Amdaris.SolidPrinciples.DIP.Before.csproj", "{F2CBC2F6-AF64-48B9-B994-D02F64F5B954}"
EndProject
Project("{9A19103F-16F7-4668-BE54-9A1E7A4F7556}") = "Amdaris.SolidPrinciples.DIP.After", "Amdaris.SolidPrinciples.05_DIP\02_After\Amdaris.SolidPrinciples.DIP.After.csproj", "{1DA5F356-6A5B-4633-916B-C5568DFB9B2F}"
EndProject
Global
	GlobalSection(SolutionConfigurationPlatforms) = preSolution
		Debug|Any CPU = Debug|Any CPU
		Release|Any CPU = Release|Any CPU
	EndGlobalSection
	GlobalSection(ProjectConfigurationPlatforms) = postSolution
		{51A91AE0-2563-4CEA-92C9-C1C0E7B7535E}.Debug|Any CPU.ActiveCfg = Debug|Any CPU
		{51A91AE0-2563-4CEA-92C9-C1C0E7B7535E}.Debug|Any CPU.Build.0 = Debug|Any CPU
		{51A91AE0-2563-4CEA-92C9-C1C0E7B7535E}.Release|Any CPU.ActiveCfg = Release|Any CPU
		{51A91AE0-2563-4CEA-92C9-C1C0E7B7535E}.Release|Any CPU.Build.0 = Release|Any CPU
		{F88609DB-08DD-401F-92EB-DAA9DBC8FD61}.Debug|Any CPU.ActiveCfg = Debug|Any CPU
		{F88609DB-08DD-401F-92EB-DAA9DBC8FD61}.Debug|Any CPU.Build.0 = Debug|Any CPU
		{F88609DB-08DD-401F-92EB-DAA9DBC8FD61}.Release|Any CPU.ActiveCfg = Release|Any CPU
		{F88609DB-08DD-401F-92EB-DAA9DBC8FD61}.Release|Any CPU.Build.0 = Release|Any CPU
		{73B6238D-B087-4027-9947-E1823441B9FC}.Debug|Any CPU.ActiveCfg = Debug|Any CPU
		{73B6238D-B087-4027-9947-E1823441B9FC}.Debug|Any CPU.Build.0 = Debug|Any CPU
		{73B6238D-B087-4027-9947-E1823441B9FC}.Release|Any CPU.ActiveCfg = Release|Any CPU
		{73B6238D-B087-4027-9947-E1823441B9FC}.Release|Any CPU.Build.0 = Release|Any CPU
		{FC48FE3D-B34F-4D43-A30C-DF61C24A024B}.Debug|Any CPU.ActiveCfg = Debug|Any CPU
		{FC48FE3D-B34F-4D43-A30C-DF61C24A024B}.Debug|Any CPU.Build.0 = Debug|Any CPU
		{FC48FE3D-B34F-4D43-A30C-DF61C24A024B}.Release|Any CPU.ActiveCfg = Release|Any CPU
		{FC48FE3D-B34F-4D43-A30C-DF61C24A024B}.Release|Any CPU.Build.0 = Release|Any CPU
		{6000CCEF-64B9-43ED-AC56-D8248CAA3D01}.Debug|Any CPU.ActiveCfg = Debug|Any CPU
		{6000CCEF-64B9-43ED-AC56-D8248CAA3D01}.Debug|Any CPU.Build.0 = Debug|Any CPU
		{6000CCEF-64B9-43ED-AC56-D8248CAA3D01}.Release|Any CPU.ActiveCfg = Release|Any CPU
		{6000CCEF-64B9-43ED-AC56-D8248CAA3D01}.Release|Any CPU.Build.0 = Release|Any CPU
		{899C98C4-4100-4D21-A67D-2BBB8281050F}.Debug|Any CPU.ActiveCfg = Debug|Any CPU
		{899C98C4-4100-4D21-A67D-2BBB8281050F}.Debug|Any CPU.Build.0 = Debug|Any CPU
		{899C98C4-4100-4D21-A67D-2BBB8281050F}.Release|Any CPU.ActiveCfg = Release|Any CPU
		{899C98C4-4100-4D21-A67D-2BBB8281050F}.Release|Any CPU.Build.0 = Release|Any CPU
		{98B73647-9736-45ED-A658-5026ABC2F3FF}.Debug|Any CPU.ActiveCfg = Debug|Any CPU
		{98B73647-9736-45ED-A658-5026ABC2F3FF}.Debug|Any CPU.Build.0 = Debug|Any CPU
		{98B73647-9736-45ED-A658-5026ABC2F3FF}.Release|Any CPU.ActiveCfg = Release|Any CPU
		{98B73647-9736-45ED-A658-5026ABC2F3FF}.Release|Any CPU.Build.0 = Release|Any CPU
		{73103A41-84D7-4DEE-867F-7DFCDDCD64D4}.Debug|Any CPU.ActiveCfg = Debug|Any CPU
		{73103A41-84D7-4DEE-867F-7DFCDDCD64D4}.Debug|Any CPU.Build.0 = Debug|Any CPU
		{73103A41-84D7-4DEE-867F-7DFCDDCD64D4}.Release|Any CPU.ActiveCfg = Release|Any CPU
		{73103A41-84D7-4DEE-867F-7DFCDDCD64D4}.Release|Any CPU.Build.0 = Release|Any CPU
		{F2CBC2F6-AF64-48B9-B994-D02F64F5B954}.Debug|Any CPU.ActiveCfg = Debug|Any CPU
		{F2CBC2F6-AF64-48B9-B994-D02F64F5B954}.Debug|Any CPU.Build.0 = Debug|Any CPU
		{F2CBC2F6-AF64-48B9-B994-D02F64F5B954}.Release|Any CPU.ActiveCfg = Release|Any CPU
		{F2CBC2F6-AF64-48B9-B994-D02F64F5B954}.Release|Any CPU.Build.0 = Release|Any CPU
		{1DA5F356-6A5B-4633-916B-C5568DFB9B2F}.Debug|Any CPU.ActiveCfg = Debug|Any CPU
		{1DA5F356-6A5B-4633-916B-C5568DFB9B2F}.Debug|Any CPU.Build.0 = Debug|Any CPU
		{1DA5F356-6A5B-4633-916B-C5568DFB9B2F}.Release|Any CPU.ActiveCfg = Release|Any CPU
		{1DA5F356-6A5B-4633-916B-C5568DFB9B2F}.Release|Any CPU.Build.0 = Release|Any CPU
	EndGlobalSection
	GlobalSection(SolutionProperties) = preSolution
		HideSolutionNode = FALSE
	EndGlobalSection
	GlobalSection(NestedProjects) = preSolution
		{3F2F2B4F-9EC4-4A19-BBE7-967AD7B3F32E} = {ABDC8A08-DBC4-4D50-8F37-9FE582CA5B1B}
		{6C44AC44-74E9-4CA4-A2E2-68CF779AF796} = {ABDC8A08-DBC4-4D50-8F37-9FE582CA5B1B}
		{5983D5CD-A4F0-47CD-B7FC-582D121EC428} = {42A3B582-6E70-4BB5-B877-7FC8332F228B}
		{85915B1D-0631-4CE3-A450-D16EB3434845} = {42A3B582-6E70-4BB5-B877-7FC8332F228B}
		{D627AB49-73E0-4CE3-B57B-93D108ABEAAF} = {B452422C-6B8A-4307-AB45-270E0CEEADB7}
		{70CD8A6C-40A5-4100-AE43-2C68F9D72FFC} = {B452422C-6B8A-4307-AB45-270E0CEEADB7}
		{0A278772-1559-4759-B21F-A51760619A4B} = {52A87BA1-D804-4C20-AAD8-7E610C2B44DB}
		{1922DF90-F8EF-4F3C-9848-DD813016BCB3} = {52A87BA1-D804-4C20-AAD8-7E610C2B44DB}
		{4979EFF6-ED10-4543-B2AF-B186867638BD} = {54C95D6A-1C24-4286-8362-EFA9264F03CE}
		{BA42020A-E64C-464B-A0ED-8D44D2477CBE} = {54C95D6A-1C24-4286-8362-EFA9264F03CE}
		{51A91AE0-2563-4CEA-92C9-C1C0E7B7535E} = {5983D5CD-A4F0-47CD-B7FC-582D121EC428}
		{F88609DB-08DD-401F-92EB-DAA9DBC8FD61} = {85915B1D-0631-4CE3-A450-D16EB3434845}
		{73B6238D-B087-4027-9947-E1823441B9FC} = {6C44AC44-74E9-4CA4-A2E2-68CF779AF796}
		{FC48FE3D-B34F-4D43-A30C-DF61C24A024B} = {3F2F2B4F-9EC4-4A19-BBE7-967AD7B3F32E}
		{6000CCEF-64B9-43ED-AC56-D8248CAA3D01} = {D627AB49-73E0-4CE3-B57B-93D108ABEAAF}
		{899C98C4-4100-4D21-A67D-2BBB8281050F} = {70CD8A6C-40A5-4100-AE43-2C68F9D72FFC}
		{98B73647-9736-45ED-A658-5026ABC2F3FF} = {0A278772-1559-4759-B21F-A51760619A4B}
		{73103A41-84D7-4DEE-867F-7DFCDDCD64D4} = {1922DF90-F8EF-4F3C-9848-DD813016BCB3}
		{F2CBC2F6-AF64-48B9-B994-D02F64F5B954} = {4979EFF6-ED10-4543-B2AF-B186867638BD}
		{1DA5F356-6A5B-4633-916B-C5568DFB9B2F} = {BA42020A-E64C-464B-A0ED-8D44D2477CBE}
	EndGlobalSection
	GlobalSection(ExtensibilityGlobals) = postSolution
		SolutionGuid = {22E736A3-2C4E-4BF9-818C-6929ED458898}
	EndGlobalSection
EndGlobal
